# This file was autogenerated by Stack.
# You should not edit this file by hand.
# For more information, please see the documentation at:
#   https://docs.haskellstack.org/en/stable/lock_files

packages:
- completed:
    hackage: HDBC-2.4.0.3@sha256:99d3de808f53271afb0a8c31adfc99c7ef94f28355aba58bb0c9dffd4376296f,2998
    pantry-tree:
      size: 1004
      sha256: 4a151afa92d9d77a85b5d05583b93744bbec353b995a07daf4a4739211ced292
  original:
    hackage: HDBC-2.4.0.3
- completed:
    hackage: HDBC-postgresql-2.5.0.1@sha256:37bb911cd996d12c91fa711002877f32f91bcc488de76d85a05865c3af9dc580,3032
    pantry-tree:
      size: 1611
      sha256: bb1e349a28844e59ed36e1a3963cd6946e57f5e39244a6d36397d6291d68a138
  original:
    hackage: HDBC-postgresql-2.5.0.1
snapshots:
- completed:
    size: 618683
    url: https://raw.githubusercontent.com/commercialhaskell/stackage-snapshots/master/lts/19/4.yaml
    sha256: d4ee004c46ba878d2f304f5d748d493057be579192a8d148527f3ba55c9df57f
  original:
    url: https://raw.githubusercontent.com/commercialhaskell/stackage-snapshots/master/lts/19/4.yaml
